
Microsoft Visual Studio Solution File, Format Version 12.00
# Visual Studio Version 17
VisualStudioVersion = 17.12.0
MinimumVisualStudioVersion = 10.0.40219.1
Project("{FAE04EC0-301F-11D3-BF4B-00C04F79EFBC}") = "Ferret.Core", "Ferret.Core\Ferret.Core.csproj", "{7F0EDF8D-C308-490E-A786-0F589C663848}"
EndProject
Project("{FAE04EC0-301F-11D3-BF4B-00C04F79EFBC}") = "Ferret.Runtime", "Ferret.Runtime\Ferret.Runtime.csproj", "{A2B990D3-7244-49EA-BB94-F5C97A31B303}"
EndProject
Project("{FAE04EC0-301F-11D3-BF4B-00C04F79EFBC}") = "Ferret.Configuration", "Ferret.Configuration\Ferret.Configuration.csproj", "{92A21DD1-5979-4E39-9375-484E3A9169C4}"
EndProject
Project("{FAE04EC0-301F-11D3-BF4B-00C04F79EFBC}") = "Ferret.Telemetry", "Ferret.Telemetry\Ferret.Telemetry.csproj", "{80DC4B4C-2E3B-4249-A871-ABB9BE4338A6}"
EndProject
Project("{FAE04EC0-301F-11D3-BF4B-00C04F79EFBC}") = "Ferret.Plugins", "Ferret.Plugins\Ferret.Plugins.csproj", "{8F72E031-8CB3-4265-A03A-08127D50AE12}"
EndProject
Project("{FAE04EC0-301F-11D3-BF4B-00C04F79EFBC}") = "Ferret.Mcp", "Ferret.Mcp\Ferret.Mcp.csproj", "{95056EA1-41C6-45F5-B4A9-5EFF1631D7F6}"
EndProject
Project("{FAE04EC0-301F-11D3-BF4B-00C04F79EFBC}") = "Ferret.Cli", "Ferret.Cli\Ferret.Cli.csproj", "{987D424A-8681-42C9-8E89-0E1B5071969E}"
EndProject
Project("{FAE04EC0-301F-11D3-BF4B-00C04F79EFBC}") = "Ferret.Core.Tests", "..\tests\Ferret.Core.Tests\Ferret.Core.Tests.csproj", "{13EB8590-0507-4FF9-A018-5C8906A61DA0}"
EndProject
Project("{FAE04EC0-301F-11D3-BF4B-00C04F79EFBC}") = "Ferret.Runtime.Tests", "..\tests\Ferret.Runtime.Tests\Ferret.Runtime.Tests.csproj", "{D7AD847D-1179-4874-A432-7ED5158FF934}"
EndProject
Project("{FAE04EC0-301F-11D3-BF4B-00C04F79EFBC}") = "Ferret.Configuration.Tests", "..\tests\Ferret.Configuration.Tests\Ferret.Configuration.Tests.csproj", "{F3AD9902-DB52-4305-B5B2-C4F216FC5080}"
EndProject
Project("{FAE04EC0-301F-11D3-BF4B-00C04F79EFBC}") = "Ferret.Telemetry.Tests", "..\tests\Ferret.Telemetry.Tests\Ferret.Telemetry.Tests.csproj", "{021B7F0F-3D76-49A7-BF41-24F969CBC1F1}"
EndProject
Project("{FAE04EC0-301F-11D3-BF4B-00C04F79EFBC}") = "Ferret.Plugins.Tests", "..\tests\Ferret.Plugins.Tests\Ferret.Plugins.Tests.csproj", "{CECC09F5-2172-4E67-B7D6-975D3205784E}"
EndProject
Project("{FAE04EC0-301F-11D3-BF4B-00C04F79EFBC}") = "Ferret.Mcp.Tests", "..\tests\Ferret.Mcp.Tests\Ferret.Mcp.Tests.csproj", "{8CF6DF70-DFFD-4F91-911A-C917C3CF0FD1}"
EndProject
Project("{FAE04EC0-301F-11D3-BF4B-00C04F79EFBC}") = "Ferret.Cli.Tests", "..\tests\Ferret.Cli.Tests\Ferret.Cli.Tests.csproj", "{B6420D57-73EC-4639-B8A9-3E1BACCA664D}"
EndProject
Project("{FAE04EC0-301F-11D3-BF4B-00C04F79EFBC}") = "Ferret.Integration.Tests", "..\tests\Ferret.Integration.Tests\Ferret.Integration.Tests.csproj", "{3B4CFEDA-0F7D-4A5B-B446-603EC8262BAB}"
EndProject
Project("{FAE04EC0-301F-11D3-BF4B-00C04F79EFBC}") = "Ferret.Plugin.SDK", "Ferret.Plugin.SDK\Ferret.Plugin.SDK.csproj", "{6FE19F80-57BA-4197-B6D2-AD15ADC79B5A}"
EndProject
Project("{FAE04EC0-301F-11D3-BF4B-00C04F79EFBC}") = "Ferret.Plugin.SDK.Tests", "..\tests\Ferret.Plugin.SDK.Tests\Ferret.Plugin.SDK.Tests.csproj", "{DCA2ACF6-F508-41BB-8711-1721DDFB3FA6}"
EndProject
Project("{FAE04EC0-301F-11D3-BF4B-00C04F79EFBC}") = "Ferret.Workspace", "Ferret.Workspace\Ferret.Workspace.csproj", "{408520DE-0BE4-4F19-9ACC-D0C61F29CC33}"
EndProject
Project("{FAE04EC0-301F-11D3-BF4B-00C04F79EFBC}") = "Ferret.Workspace.Tests", "..\tests\Ferret.Workspace.Tests\Ferret.Workspace.Tests.csproj", "{FC417EBC-EDF6-48AB-9215-5F46038E80AD}"
EndProject
Project("{FAE04EC0-301F-11D3-BF4B-00C04F79EFBC}") = "Ferret.ConnectorPlatform", "Ferret.ConnectorPlatform\Ferret.ConnectorPlatform.csproj", "{FE107365-32C1-45FE-9B78-7E68FF1D9DC9}"
EndProject
Project("{FAE04EC0-301F-11D3-BF4B-00C04F79EFBC}") = "Ferret.ConnectorPlatform.Tests", "..\tests\Ferret.ConnectorPlatform.Tests\Ferret.ConnectorPlatform.Tests.csproj", "{10A1D9E4-6A80-4356-8E94-81350A08DBD0}"
EndProject
Project("{FAE04EC0-301F-11D3-BF4B-00C04F79EFBC}") = "Ferret.Connectors.Filesystem", "Ferret.Connectors.Filesystem\Ferret.Connectors.Filesystem.csproj", "{D81821A4-071B-45F5-ADB5-B2E028CF7321}"
EndProject
Project("{FAE04EC0-301F-11D3-BF4B-00C04F79EFBC}") = "Ferret.Connectors.Filesystem.Tests", "..\tests\Ferret.Connectors.Filesystem.Tests\Ferret.Connectors.Filesystem.Tests.csproj", "{AED1EF71-C46A-4503-B37C-AD86167C4D25}"
EndProject
Project("{FAE04EC0-301F-11D3-BF4B-00C04F79EFBC}") = "Ferret.Architecture.Tests", "..\tests\Ferret.Architecture.Tests\Ferret.Architecture.Tests.csproj", "{50B3FEB2-35F9-42AF-B87C-379F27B69F12}"
EndProject
Project("{FAE04EC0-301F-11D3-BF4B-00C04F79EFBC}") = "Ferret.ParserPlatform", "Ferret.ParserPlatform\Ferret.ParserPlatform.csproj", "{8D423B3F-7C27-4E10-85B0-13A2C633C033}"
EndProject
Project("{FAE04EC0-301F-11D3-BF4B-00C04F79EFBC}") = "Ferret.ParserPlatform.Tests", "..\tests\Ferret.ParserPlatform.Tests\Ferret.ParserPlatform.Tests.csproj", "{A7AEBD34-A4E6-42F9-B8F3-898B00B2203A}"
EndProject
Project("{FAE04EC0-301F-11D3-BF4B-00C04F79EFBC}") = "Ferret.Indexing", "Ferret.Indexing\Ferret.Indexing.csproj", "{F7932F49-95DC-48BA-96AB-C79AA5CD09A1}"
EndProject
Project("{FAE04EC0-301F-11D3-BF4B-00C04F79EFBC}") = "Ferret.Indexing.Tests", "..\tests\Ferret.Indexing.Tests\Ferret.Indexing.Tests.csproj", "{D23D8C55-B7B0-4B8D-ADA8-F6B1C17406BE}"
EndProject
Project("{FAE04EC0-301F-11D3-BF4B-00C04F79EFBC}") = "Ferret.Search", "Ferret.Search\Ferret.Search.csproj", "{0351F760-8CBB-48B8-8CA3-915D7EC367F4}"
EndProject
Project("{FAE04EC0-301F-11D3-BF4B-00C04F79EFBC}") = "Ferret.Search.Tests", "..\tests\Ferret.Search.Tests\Ferret.Search.Tests.csproj", "{E42454F0-2928-4B5E-AAE1-CCA1DB4667B1}"
EndProject
Project("{FAE04EC0-301F-11D3-BF4B-00C04F79EFBC}") = "Ferret.Configuration.AI", "Ferret.Configuration.AI\Ferret.Configuration.AI.csproj", "{A81B8CA9-587C-4F57-B5F5-4A33BCAB0451}"
EndProject
Project("{FAE04EC0-301F-11D3-BF4B-00C04F79EFBC}") = "Ferret.Configuration.AI.Tests", "..\tests\Ferret.Configuration.AI.Tests\Ferret.Configuration.AI.Tests.csproj", "{A9E0DCD2-7C31-4618-BE84-0295FB7965B1}"
EndProject
Project("{FAE04EC0-301F-11D3-BF4B-00C04F79EFBC}") = "Ferret.Models", "Ferret.Models\Ferret.Models.csproj", "{478ED47F-BADA-4896-9A1B-D3A7C93C40FE}"
EndProject
Project("{FAE04EC0-301F-11D3-BF4B-00C04F79EFBC}") = "Ferret.Models.Tests", "..\tests\Ferret.Models.Tests\Ferret.Models.Tests.csproj", "{6535D3C7-77A9-4488-89E5-DF618510EB2D}"
EndProject
Project("{FAE04EC0-301F-11D3-BF4B-00C04F79EFBC}") = "Ferret.AI", "Ferret.AI\Ferret.AI.csproj", "{F0E19DB3-2E2F-40BB-A478-E29B36E6DF2D}"
EndProject
Project("{FAE04EC0-301F-11D3-BF4B-00C04F79EFBC}") = "Ferret.Providers.Ollama", "Ferret.Providers.Ollama\Ferret.Providers.Ollama.csproj", "{F50DD247-37A3-432E-9F20-7B9AC109F97A}"
EndProject
Project("{FAE04EC0-301F-11D3-BF4B-00C04F79EFBC}") = "Ferret.Providers.Ollama.Tests", "..\tests\Ferret.Providers.Ollama.Tests\Ferret.Providers.Ollama.Tests.csproj", "{DD23E94B-7188-4CBB-AFCF-88988A1CCF87}"
EndProject
Project("{FAE04EC0-301F-11D3-BF4B-00C04F79EFBC}") = "Ferret.Providers.OpenAi", "Ferret.Providers.OpenAi\Ferret.Providers.OpenAi.csproj", "{780F9781-E6F4-43EC-9605-C1D8314E9F40}"
EndProject
Project("{FAE04EC0-301F-11D3-BF4B-00C04F79EFBC}") = "Ferret.Providers.OpenAi.Tests", "..\tests\Ferret.Providers.OpenAi.Tests\Ferret.Providers.OpenAi.Tests.csproj", "{F21F11FD-2ABB-46A8-82FA-FB9C122A0561}"
EndProject
Project("{FAE04EC0-301F-11D3-BF4B-00C04F79EFBC}") = "Ferret.Providers.Compliance", "..\tests\Ferret.Providers.Compliance\Ferret.Providers.Compliance.csproj", "{A3C8E1F2-5D7B-4E9A-B3F1-8C2D6A4E9B5F}"
EndProject
Project("{FAE04EC0-301F-11D3-BF4B-00C04F79EFBC}") = "Ferret.Manual", "Ferret.Manual\Ferret.Manual.csproj", "{AAD93A21-CE18-4688-A75D-64630ADFC11B}"
EndProject
Project("{FAE04EC0-301F-11D3-BF4B-00C04F79EFBC}") = "Ferret.Manual.Tests", "..\tests\Ferret.Manual.Tests\Ferret.Manual.Tests.csproj", "{29686D25-D35E-4363-9717-1948FEC79352}"
EndProject
Project("{FAE04EC0-301F-11D3-BF4B-00C04F79EFBC}") = "Ferret.Prompts", "Ferret.Prompts\Ferret.Prompts.csproj", "{42922E81-E30E-4781-B250-9F6E55A4ECD5}"
EndProject
Project("{FAE04EC0-301F-11D3-BF4B-00C04F79EFBC}") = "Ferret.Prompts.Tests", "..\tests\Ferret.Prompts.Tests\Ferret.Prompts.Tests.csproj", "{A089B345-A562-4FE5-959C-CDE096E4B170}"
EndProject
Project("{FAE04EC0-301F-11D3-BF4B-00C04F79EFBC}") = "Ferret.Benchmarks", "..\tests\Ferret.Benchmarks\Ferret.Benchmarks.csproj", "{3A5A993F-47AA-42CB-8ADF-1B40272AE5ED}"
EndProject
Project("{FAE04EC0-301F-11D3-BF4B-00C04F79EFBC}") = "Ferret.E2E.Tests", "..\tests\Ferret.E2E.Tests\Ferret.E2E.Tests.csproj", "{EE156FCC-206A-44E4-9BE8-8BA31F767CF8}"
EndProject
Project("{FAE04EC0-301F-11D3-BF4B-00C04F79EFBC}") = "Ferret.Parsers.Pdf", "Ferret.Parsers.Pdf\Ferret.Parsers.Pdf.csproj", "{EADE0D31-73FB-4FE9-B4A4-F2ACCFF4411B}"
EndProject
Project("{FAE04EC0-301F-11D3-BF4B-00C04F79EFBC}") = "Ferret.Parsers.Pdf.Tests", "..\tests\Ferret.Parsers.Pdf.Tests\Ferret.Parsers.Pdf.Tests.csproj", "{2C6ACB83-C569-46F6-8D1A-0112834F7BBA}"
EndProject
Global
	GlobalSection(SolutionConfigurationPlatforms) = preSolution
		Debug|Any CPU = Debug|Any CPU
		Debug|x64 = Debug|x64
		Debug|x86 = Debug|x86
		Release|Any CPU = Release|Any CPU
		Release|x64 = Release|x64
		Release|x86 = Release|x86
	EndGlobalSection
	GlobalSection(ProjectConfigurationPlatforms) = postSolution
		{7F0EDF8D-C308-490E-A786-0F589C663848}.Debug|Any CPU.ActiveCfg = Debug|Any CPU
		{7F0EDF8D-C308-490E-A786-0F589C663848}.Debug|Any CPU.Build.0 = Debug|Any CPU
		{7F0EDF8D-C308-490E-A786-0F589C663848}.Debug|x64.ActiveCfg = Debug|Any CPU
		{7F0EDF8D-C308-490E-A786-0F589C663848}.Debug|x64.Build.0 = Debug|Any CPU
		{7F0EDF8D-C308-490E-A786-0F589C663848}.Debug|x86.ActiveCfg = Debug|Any CPU
		{7F0EDF8D-C308-490E-A786-0F589C663848}.Debug|x86.Build.0 = Debug|Any CPU
		{7F0EDF8D-C308-490E-A786-0F589C663848}.Release|Any CPU.ActiveCfg = Release|Any CPU
		{7F0EDF8D-C308-490E-A786-0F589C663848}.Release|Any CPU.Build.0 = Release|Any CPU
		{7F0EDF8D-C308-490E-A786-0F589C663848}.Release|x64.ActiveCfg = Release|Any CPU
		{7F0EDF8D-C308-490E-A786-0F589C663848}.Release|x64.Build.0 = Release|Any CPU
		{7F0EDF8D-C308-490E-A786-0F589C663848}.Release|x86.ActiveCfg = Release|Any CPU
		{7F0EDF8D-C308-490E-A786-0F589C663848}.Release|x86.Build.0 = Release|Any CPU
		{A2B990D3-7244-49EA-BB94-F5C97A31B303}.Debug|Any CPU.ActiveCfg = Debug|Any CPU
		{A2B990D3-7244-49EA-BB94-F5C97A31B303}.Debug|Any CPU.Build.0 = Debug|Any CPU
		{A2B990D3-7244-49EA-BB94-F5C97A31B303}.Debug|x64.ActiveCfg = Debug|Any CPU
		{A2B990D3-7244-49EA-BB94-F5C97A31B303}.Debug|x64.Build.0 = Debug|Any CPU
		{A2B990D3-7244-49EA-BB94-F5C97A31B303}.Debug|x86.ActiveCfg = Debug|Any CPU
		{A2B990D3-7244-49EA-BB94-F5C97A31B303}.Debug|x86.Build.0 = Debug|Any CPU
		{A2B990D3-7244-49EA-BB94-F5C97A31B303}.Release|Any CPU.ActiveCfg = Release|Any CPU
		{A2B990D3-7244-49EA-BB94-F5C97A31B303}.Release|Any CPU.Build.0 = Release|Any CPU
		{A2B990D3-7244-49EA-BB94-F5C97A31B303}.Release|x64.ActiveCfg = Release|Any CPU
		{A2B990D3-7244-49EA-BB94-F5C97A31B303}.Release|x64.Build.0 = Release|Any CPU
		{A2B990D3-7244-49EA-BB94-F5C97A31B303}.Release|x86.ActiveCfg = Release|Any CPU
		{A2B990D3-7244-49EA-BB94-F5C97A31B303}.Release|x86.Build.0 = Release|Any CPU
		{92A21DD1-5979-4E39-9375-484E3A9169C4}.Debug|Any CPU.ActiveCfg = Debug|Any CPU
		{92A21DD1-5979-4E39-9375-484E3A9169C4}.Debug|Any CPU.Build.0 = Debug|Any CPU
		{92A21DD1-5979-4E39-9375-484E3A9169C4}.Debug|x64.ActiveCfg = Debug|Any CPU
		{92A21DD1-5979-4E39-9375-484E3A9169C4}.Debug|x64.Build.0 = Debug|Any CPU
		{92A21DD1-5979-4E39-9375-484E3A9169C4}.Debug|x86.ActiveCfg = Debug|Any CPU
		{92A21DD1-5979-4E39-9375-484E3A9169C4}.Debug|x86.Build.0 = Debug|Any CPU
		{92A21DD1-5979-4E39-9375-484E3A9169C4}.Release|Any CPU.ActiveCfg = Release|Any CPU
		{92A21DD1-5979-4E39-9375-484E3A9169C4}.Release|Any CPU.Build.0 = Release|Any CPU
		{92A21DD1-5979-4E39-9375-484E3A9169C4}.Release|x64.ActiveCfg = Release|Any CPU
		{92A21DD1-5979-4E39-9375-484E3A9169C4}.Release|x64.Build.0 = Release|Any CPU
		{92A21DD1-5979-4E39-9375-484E3A9169C4}.Release|x86.ActiveCfg = Release|Any CPU
		{92A21DD1-5979-4E39-9375-484E3A9169C4}.Release|x86.Build.0 = Release|Any CPU
		{80DC4B4C-2E3B-4249-A871-ABB9BE4338A6}.Debug|Any CPU.ActiveCfg = Debug|Any CPU
		{80DC4B4C-2E3B-4249-A871-ABB9BE4338A6}.Debug|Any CPU.Build.0 = Debug|Any CPU
		{80DC4B4C-2E3B-4249-A871-ABB9BE4338A6}.Debug|x64.ActiveCfg = Debug|Any CPU
		{80DC4B4C-2E3B-4249-A871-ABB9BE4338A6}.Debug|x64.Build.0 = Debug|Any CPU
		{80DC4B4C-2E3B-4249-A871-ABB9BE4338A6}.Debug|x86.ActiveCfg = Debug|Any CPU
		{80DC4B4C-2E3B-4249-A871-ABB9BE4338A6}.Debug|x86.Build.0 = Debug|Any CPU
		{80DC4B4C-2E3B-4249-A871-ABB9BE4338A6}.Release|Any CPU.ActiveCfg = Release|Any CPU
		{80DC4B4C-2E3B-4249-A871-ABB9BE4338A6}.Release|Any CPU.Build.0 = Release|Any CPU
		{80DC4B4C-2E3B-4249-A871-ABB9BE4338A6}.Release|x64.ActiveCfg = Release|Any CPU
		{80DC4B4C-2E3B-4249-A871-ABB9BE4338A6}.Release|x64.Build.0 = Release|Any CPU
		{80DC4B4C-2E3B-4249-A871-ABB9BE4338A6}.Release|x86.ActiveCfg = Release|Any CPU
		{80DC4B4C-2E3B-4249-A871-ABB9BE4338A6}.Release|x86.Build.0 = Release|Any CPU
		{8F72E031-8CB3-4265-A03A-08127D50AE12}.Debug|Any CPU.ActiveCfg = Debug|Any CPU
		{8F72E031-8CB3-4265-A03A-08127D50AE12}.Debug|Any CPU.Build.0 = Debug|Any CPU
		{8F72E031-8CB3-4265-A03A-08127D50AE12}.Debug|x64.ActiveCfg = Debug|Any CPU
		{8F72E031-8CB3-4265-A03A-08127D50AE12}.Debug|x64.Build.0 = Debug|Any CPU
		{8F72E031-8CB3-4265-A03A-08127D50AE12}.Debug|x86.ActiveCfg = Debug|Any CPU
		{8F72E031-8CB3-4265-A03A-08127D50AE12}.Debug|x86.Build.0 = Debug|Any CPU
		{8F72E031-8CB3-4265-A03A-08127D50AE12}.Release|Any CPU.ActiveCfg = Release|Any CPU
		{8F72E031-8CB3-4265-A03A-08127D50AE12}.Release|Any CPU.Build.0 = Release|Any CPU
		{8F72E031-8CB3-4265-A03A-08127D50AE12}.Release|x64.ActiveCfg = Release|Any CPU
		{8F72E031-8CB3-4265-A03A-08127D50AE12}.Release|x64.Build.0 = Release|Any CPU
		{8F72E031-8CB3-4265-A03A-08127D50AE12}.Release|x86.ActiveCfg = Release|Any CPU
		{8F72E031-8CB3-4265-A03A-08127D50AE12}.Release|x86.Build.0 = Release|Any CPU
		{95056EA1-41C6-45F5-B4A9-5EFF1631D7F6}.Debug|Any CPU.ActiveCfg = Debug|Any CPU
		{95056EA1-41C6-45F5-B4A9-5EFF1631D7F6}.Debug|Any CPU.Build.0 = Debug|Any CPU
		{95056EA1-41C6-45F5-B4A9-5EFF1631D7F6}.Debug|x64.ActiveCfg = Debug|Any CPU
		{95056EA1-41C6-45F5-B4A9-5EFF1631D7F6}.Debug|x64.Build.0 = Debug|Any CPU
		{95056EA1-41C6-45F5-B4A9-5EFF1631D7F6}.Debug|x86.ActiveCfg = Debug|Any CPU
		{95056EA1-41C6-45F5-B4A9-5EFF1631D7F6}.Debug|x86.Build.0 = Debug|Any CPU
		{95056EA1-41C6-45F5-B4A9-5EFF1631D7F6}.Release|Any CPU.ActiveCfg = Release|Any CPU
		{95056EA1-41C6-45F5-B4A9-5EFF1631D7F6}.Release|Any CPU.Build.0 = Release|Any CPU
		{95056EA1-41C6-45F5-B4A9-5EFF1631D7F6}.Release|x64.ActiveCfg = Release|Any CPU
		{95056EA1-41C6-45F5-B4A9-5EFF1631D7F6}.Release|x64.Build.0 = Release|Any CPU
		{95056EA1-41C6-45F5-B4A9-5EFF1631D7F6}.Release|x86.ActiveCfg = Release|Any CPU
		{95056EA1-41C6-45F5-B4A9-5EFF1631D7F6}.Release|x86.Build.0 = Release|Any CPU
		{987D424A-8681-42C9-8E89-0E1B5071969E}.Debug|Any CPU.ActiveCfg = Debug|Any CPU
		{987D424A-8681-42C9-8E89-0E1B5071969E}.Debug|Any CPU.Build.0 = Debug|Any CPU
		{987D424A-8681-42C9-8E89-0E1B5071969E}.Debug|x64.ActiveCfg = Debug|Any CPU
		{987D424A-8681-42C9-8E89-0E1B5071969E}.Debug|x64.Build.0 = Debug|Any CPU
		{987D424A-8681-42C9-8E89-0E1B5071969E}.Debug|x86.ActiveCfg = Debug|Any CPU
		{987D424A-8681-42C9-8E89-0E1B5071969E}.Debug|x86.Build.0 = Debug|Any CPU
		{987D424A-8681-42C9-8E89-0E1B5071969E}.Release|Any CPU.ActiveCfg = Release|Any CPU
		{987D424A-8681-42C9-8E89-0E1B5071969E}.Release|Any CPU.Build.0 = Release|Any CPU
		{987D424A-8681-42C9-8E89-0E1B5071969E}.Release|x64.ActiveCfg = Release|Any CPU
		{987D424A-8681-42C9-8E89-0E1B5071969E}.Release|x64.Build.0 = Release|Any CPU
		{987D424A-8681-42C9-8E89-0E1B5071969E}.Release|x86.ActiveCfg = Release|Any CPU
		{987D424A-8681-42C9-8E89-0E1B5071969E}.Release|x86.Build.0 = Release|Any CPU
		{13EB8590-0507-4FF9-A018-5C8906A61DA0}.Debug|Any CPU.ActiveCfg = Debug|Any CPU
		{13EB8590-0507-4FF9-A018-5C8906A61DA0}.Debug|Any CPU.Build.0 = Debug|Any CPU
		{13EB8590-0507-4FF9-A018-5C8906A61DA0}.Debug|x64.ActiveCfg = Debug|Any CPU
		{13EB8590-0507-4FF9-A018-5C8906A61DA0}.Debug|x64.Build.0 = Debug|Any CPU
		{13EB8590-0507-4FF9-A018-5C8906A61DA0}.Debug|x86.ActiveCfg = Debug|Any CPU
		{13EB8590-0507-4FF9-A018-5C8906A61DA0}.Debug|x86.Build.0 = Debug|Any CPU
		{13EB8590-0507-4FF9-A018-5C8906A61DA0}.Release|Any CPU.ActiveCfg = Release|Any CPU
		{13EB8590-0507-4FF9-A018-5C8906A61DA0}.Release|Any CPU.Build.0 = Release|Any CPU
		{13EB8590-0507-4FF9-A018-5C8906A61DA0}.Release|x64.ActiveCfg = Release|Any CPU
		{13EB8590-0507-4FF9-A018-5C8906A61DA0}.Release|x64.Build.0 = Release|Any CPU
		{13EB8590-0507-4FF9-A018-5C8906A61DA0}.Release|x86.ActiveCfg = Release|Any CPU
		{13EB8590-0507-4FF9-A018-5C8906A61DA0}.Release|x86.Build.0 = Release|Any CPU
		{D7AD847D-1179-4874-A432-7ED5158FF934}.Debug|Any CPU.ActiveCfg = Debug|Any CPU
		{D7AD847D-1179-4874-A432-7ED5158FF934}.Debug|Any CPU.Build.0 = Debug|Any CPU
		{D7AD847D-1179-4874-A432-7ED5158FF934}.Debug|x64.ActiveCfg = Debug|Any CPU
		{D7AD847D-1179-4874-A432-7ED5158FF934}.Debug|x64.Build.0 = Debug|Any CPU
		{D7AD847D-1179-4874-A432-7ED5158FF934}.Debug|x86.ActiveCfg = Debug|Any CPU
		{D7AD847D-1179-4874-A432-7ED5158FF934}.Debug|x86.Build.0 = Debug|Any CPU
		{D7AD847D-1179-4874-A432-7ED5158FF934}.Release|Any CPU.ActiveCfg = Release|Any CPU
		{D7AD847D-1179-4874-A432-7ED5158FF934}.Release|Any CPU.Build.0 = Release|Any CPU
		{D7AD847D-1179-4874-A432-7ED5158FF934}.Release|x64.ActiveCfg = Release|Any CPU
		{D7AD847D-1179-4874-A432-7ED5158FF934}.Release|x64.Build.0 = Release|Any CPU
		{D7AD847D-1179-4874-A432-7ED5158FF934}.Release|x86.ActiveCfg = Release|Any CPU
		{D7AD847D-1179-4874-A432-7ED5158FF934}.Release|x86.Build.0 = Release|Any CPU
		{F3AD9902-DB52-4305-B5B2-C4F216FC5080}.Debug|Any CPU.ActiveCfg = Debug|Any CPU
		{F3AD9902-DB52-4305-B5B2-C4F216FC5080}.Debug|Any CPU.Build.0 = Debug|Any CPU
		{F3AD9902-DB52-4305-B5B2-C4F216FC5080}.Debug|x64.ActiveCfg = Debug|Any CPU
		{F3AD9902-DB52-4305-B5B2-C4F216FC5080}.Debug|x64.Build.0 = Debug|Any CPU
		{F3AD9902-DB52-4305-B5B2-C4F216FC5080}.Debug|x86.ActiveCfg = Debug|Any CPU
		{F3AD9902-DB52-4305-B5B2-C4F216FC5080}.Debug|x86.Build.0 = Debug|Any CPU
		{F3AD9902-DB52-4305-B5B2-C4F216FC5080}.Release|Any CPU.ActiveCfg = Release|Any CPU
		{F3AD9902-DB52-4305-B5B2-C4F216FC5080}.Release|Any CPU.Build.0 = Release|Any CPU
		{F3AD9902-DB52-4305-B5B2-C4F216FC5080}.Release|x64.ActiveCfg = Release|Any CPU
		{F3AD9902-DB52-4305-B5B2-C4F216FC5080}.Release|x64.Build.0 = Release|Any CPU
		{F3AD9902-DB52-4305-B5B2-C4F216FC5080}.Release|x86.ActiveCfg = Release|Any CPU
		{F3AD9902-DB52-4305-B5B2-C4F216FC5080}.Release|x86.Build.0 = Release|Any CPU
		{021B7F0F-3D76-49A7-BF41-24F969CBC1F1}.Debug|Any CPU.ActiveCfg = Debug|Any CPU
		{021B7F0F-3D76-49A7-BF41-24F969CBC1F1}.Debug|Any CPU.Build.0 = Debug|Any CPU
		{021B7F0F-3D76-49A7-BF41-24F969CBC1F1}.Debug|x64.ActiveCfg = Debug|Any CPU
		{021B7F0F-3D76-49A7-BF41-24F969CBC1F1}.Debug|x64.Build.0 = Debug|Any CPU
		{021B7F0F-3D76-49A7-BF41-24F969CBC1F1}.Debug|x86.ActiveCfg = Debug|Any CPU
		{021B7F0F-3D76-49A7-BF41-24F969CBC1F1}.Debug|x86.Build.0 = Debug|Any CPU
		{021B7F0F-3D76-49A7-BF41-24F969CBC1F1}.Release|Any CPU.ActiveCfg = Release|Any CPU
		{021B7F0F-3D76-49A7-BF41-24F969CBC1F1}.Release|Any CPU.Build.0 = Release|Any CPU
		{021B7F0F-3D76-49A7-BF41-24F969CBC1F1}.Release|x64.ActiveCfg = Release|Any CPU
		{021B7F0F-3D76-49A7-BF41-24F969CBC1F1}.Release|x64.Build.0 = Release|Any CPU
		{021B7F0F-3D76-49A7-BF41-24F969CBC1F1}.Release|x86.ActiveCfg = Release|Any CPU
		{021B7F0F-3D76-49A7-BF41-24F969CBC1F1}.Release|x86.Build.0 = Release|Any CPU
		{CECC09F5-2172-4E67-B7D6-975D3205784E}.Debug|Any CPU.ActiveCfg = Debug|Any CPU
		{CECC09F5-2172-4E67-B7D6-975D3205784E}.Debug|Any CPU.Build.0 = Debug|Any CPU
		{CECC09F5-2172-4E67-B7D6-975D3205784E}.Debug|x64.ActiveCfg = Debug|Any CPU
		{CECC09F5-2172-4E67-B7D6-975D3205784E}.Debug|x64.Build.0 = Debug|Any CPU
		{CECC09F5-2172-4E67-B7D6-975D3205784E}.Debug|x86.ActiveCfg = Debug|Any CPU
		{CECC09F5-2172-4E67-B7D6-975D3205784E}.Debug|x86.Build.0 = Debug|Any CPU
		{CECC09F5-2172-4E67-B7D6-975D3205784E}.Release|Any CPU.ActiveCfg = Release|Any CPU
		{CECC09F5-2172-4E67-B7D6-975D3205784E}.Release|Any CPU.Build.0 = Release|Any CPU
		{CECC09F5-2172-4E67-B7D6-975D3205784E}.Release|x64.ActiveCfg = Release|Any CPU
		{CECC09F5-2172-4E67-B7D6-975D3205784E}.Release|x64.Build.0 = Release|Any CPU
		{CECC09F5-2172-4E67-B7D6-975D3205784E}.Release|x86.ActiveCfg = Release|Any CPU
		{CECC09F5-2172-4E67-B7D6-975D3205784E}.Release|x86.Build.0 = Release|Any CPU
		{8CF6DF70-DFFD-4F91-911A-C917C3CF0FD1}.Debug|Any CPU.ActiveCfg = Debug|Any CPU
		{8CF6DF70-DFFD-4F91-911A-C917C3CF0FD1}.Debug|Any CPU.Build.0 = Debug|Any CPU
		{8CF6DF70-DFFD-4F91-911A-C917C3CF0FD1}.Debug|x64.ActiveCfg = Debug|Any CPU
		{8CF6DF70-DFFD-4F91-911A-C917C3CF0FD1}.Debug|x64.Build.0 = Debug|Any CPU
		{8CF6DF70-DFFD-4F91-911A-C917C3CF0FD1}.Debug|x86.ActiveCfg = Debug|Any CPU
		{8CF6DF70-DFFD-4F91-911A-C917C3CF0FD1}.Debug|x86.Build.0 = Debug|Any CPU
		{8CF6DF70-DFFD-4F91-911A-C917C3CF0FD1}.Release|Any CPU.ActiveCfg = Release|Any CPU
		{8CF6DF70-DFFD-4F91-911A-C917C3CF0FD1}.Release|Any CPU.Build.0 = Release|Any CPU
		{8CF6DF70-DFFD-4F91-911A-C917C3CF0FD1}.Release|x64.ActiveCfg = Release|Any CPU
		{8CF6DF70-DFFD-4F91-911A-C917C3CF0FD1}.Release|x64.Build.0 = Release|Any CPU
		{8CF6DF70-DFFD-4F91-911A-C917C3CF0FD1}.Release|x86.ActiveCfg = Release|Any CPU
		{8CF6DF70-DFFD-4F91-911A-C917C3CF0FD1}.Release|x86.Build.0 = Release|Any CPU
		{B6420D57-73EC-4639-B8A9-3E1BACCA664D}.Debug|Any CPU.ActiveCfg = Debug|Any CPU
		{B6420D57-73EC-4639-B8A9-3E1BACCA664D}.Debug|Any CPU.Build.0 = Debug|Any CPU
		{B6420D57-73EC-4639-B8A9-3E1BACCA664D}.Debug|x64.ActiveCfg = Debug|Any CPU
		{B6420D57-73EC-4639-B8A9-3E1BACCA664D}.Debug|x64.Build.0 = Debug|Any CPU
		{B6420D57-73EC-4639-B8A9-3E1BACCA664D}.Debug|x86.ActiveCfg = Debug|Any CPU
		{B6420D57-73EC-4639-B8A9-3E1BACCA664D}.Debug|x86.Build.0 = Debug|Any CPU
		{B6420D57-73EC-4639-B8A9-3E1BACCA664D}.Release|Any CPU.ActiveCfg = Release|Any CPU
		{B6420D57-73EC-4639-B8A9-3E1BACCA664D}.Release|Any CPU.Build.0 = Release|Any CPU
		{B6420D57-73EC-4639-B8A9-3E1BACCA664D}.Release|x64.ActiveCfg = Release|Any CPU
		{B6420D57-73EC-4639-B8A9-3E1BACCA664D}.Release|x64.Build.0 = Release|Any CPU
		{B6420D57-73EC-4639-B8A9-3E1BACCA664D}.Release|x86.ActiveCfg = Release|Any CPU
		{B6420D57-73EC-4639-B8A9-3E1BACCA664D}.Release|x86.Build.0 = Release|Any CPU
		{3B4CFEDA-0F7D-4A5B-B446-603EC8262BAB}.Debug|Any CPU.ActiveCfg = Debug|Any CPU
		{3B4CFEDA-0F7D-4A5B-B446-603EC8262BAB}.Debug|Any CPU.Build.0 = Debug|Any CPU
		{3B4CFEDA-0F7D-4A5B-B446-603EC8262BAB}.Debug|x64.ActiveCfg = Debug|Any CPU
		{3B4CFEDA-0F7D-4A5B-B446-603EC8262BAB}.Debug|x64.Build.0 = Debug|Any CPU
		{3B4CFEDA-0F7D-4A5B-B446-603EC8262BAB}.Debug|x86.ActiveCfg = Debug|Any CPU
		{3B4CFEDA-0F7D-4A5B-B446-603EC8262BAB}.Debug|x86.Build.0 = Debug|Any CPU
		{3B4CFEDA-0F7D-4A5B-B446-603EC8262BAB}.Release|Any CPU.ActiveCfg = Release|Any CPU
		{3B4CFEDA-0F7D-4A5B-B446-603EC8262BAB}.Release|Any CPU.Build.0 = Release|Any CPU
		{3B4CFEDA-0F7D-4A5B-B446-603EC8262BAB}.Release|x64.ActiveCfg = Release|Any CPU
		{3B4CFEDA-0F7D-4A5B-B446-603EC8262BAB}.Release|x64.Build.0 = Release|Any CPU
		{3B4CFEDA-0F7D-4A5B-B446-603EC8262BAB}.Release|x86.ActiveCfg = Release|Any CPU
		{3B4CFEDA-0F7D-4A5B-B446-603EC8262BAB}.Release|x86.Build.0 = Release|Any CPU
		{6FE19F80-57BA-4197-B6D2-AD15ADC79B5A}.Debug|Any CPU.ActiveCfg = Debug|Any CPU
		{6FE19F80-57BA-4197-B6D2-AD15ADC79B5A}.Debug|Any CPU.Build.0 = Debug|Any CPU
		{6FE19F80-57BA-4197-B6D2-AD15ADC79B5A}.Debug|x64.ActiveCfg = Debug|Any CPU
		{6FE19F80-57BA-4197-B6D2-AD15ADC79B5A}.Debug|x64.Build.0 = Debug|Any CPU
		{6FE19F80-57BA-4197-B6D2-AD15ADC79B5A}.Debug|x86.ActiveCfg = Debug|Any CPU
		{6FE19F80-57BA-4197-B6D2-AD15ADC79B5A}.Debug|x86.Build.0 = Debug|Any CPU
		{6FE19F80-57BA-4197-B6D2-AD15ADC79B5A}.Release|Any CPU.ActiveCfg = Release|Any CPU
		{6FE19F80-57BA-4197-B6D2-AD15ADC79B5A}.Release|Any CPU.Build.0 = Release|Any CPU
		{6FE19F80-57BA-4197-B6D2-AD15ADC79B5A}.Release|x64.ActiveCfg = Release|Any CPU
		{6FE19F80-57BA-4197-B6D2-AD15ADC79B5A}.Release|x64.Build.0 = Release|Any CPU
		{6FE19F80-57BA-4197-B6D2-AD15ADC79B5A}.Release|x86.ActiveCfg = Release|Any CPU
		{6FE19F80-57BA-4197-B6D2-AD15ADC79B5A}.Release|x86.Build.0 = Release|Any CPU
		{DCA2ACF6-F508-41BB-8711-1721DDFB3FA6}.Debug|Any CPU.ActiveCfg = Debug|Any CPU
		{DCA2ACF6-F508-41BB-8711-1721DDFB3FA6}.Debug|Any CPU.Build.0 = Debug|Any CPU
		{DCA2ACF6-F508-41BB-8711-1721DDFB3FA6}.Debug|x64.ActiveCfg = Debug|Any CPU
		{DCA2ACF6-F508-41BB-8711-1721DDFB3FA6}.Debug|x64.Build.0 = Debug|Any CPU
		{DCA2ACF6-F508-41BB-8711-1721DDFB3FA6}.Debug|x86.ActiveCfg = Debug|Any CPU
		{DCA2ACF6-F508-41BB-8711-1721DDFB3FA6}.Debug|x86.Build.0 = Debug|Any CPU
		{DCA2ACF6-F508-41BB-8711-1721DDFB3FA6}.Release|Any CPU.ActiveCfg = Release|Any CPU
		{DCA2ACF6-F508-41BB-8711-1721DDFB3FA6}.Release|Any CPU.Build.0 = Release|Any CPU
		{DCA2ACF6-F508-41BB-8711-1721DDFB3FA6}.Release|x64.ActiveCfg = Release|Any CPU
		{DCA2ACF6-F508-41BB-8711-1721DDFB3FA6}.Release|x64.Build.0 = Release|Any CPU
		{DCA2ACF6-F508-41BB-8711-1721DDFB3FA6}.Release|x86.ActiveCfg = Release|Any CPU
		{DCA2ACF6-F508-41BB-8711-1721DDFB3FA6}.Release|x86.Build.0 = Release|Any CPU
		{408520DE-0BE4-4F19-9ACC-D0C61F29CC33}.Debug|Any CPU.ActiveCfg = Debug|Any CPU
		{408520DE-0BE4-4F19-9ACC-D0C61F29CC33}.Debug|Any CPU.Build.0 = Debug|Any CPU
		{408520DE-0BE4-4F19-9ACC-D0C61F29CC33}.Debug|x64.ActiveCfg = Debug|Any CPU
		{408520DE-0BE4-4F19-9ACC-D0C61F29CC33}.Debug|x64.Build.0 = Debug|Any CPU
		{408520DE-0BE4-4F19-9ACC-D0C61F29CC33}.Debug|x86.ActiveCfg = Debug|Any CPU
		{408520DE-0BE4-4F19-9ACC-D0C61F29CC33}.Debug|x86.Build.0 = Debug|Any CPU
		{408520DE-0BE4-4F19-9ACC-D0C61F29CC33}.Release|Any CPU.ActiveCfg = Release|Any CPU
		{408520DE-0BE4-4F19-9ACC-D0C61F29CC33}.Release|Any CPU.Build.0 = Release|Any CPU
		{408520DE-0BE4-4F19-9ACC-D0C61F29CC33}.Release|x64.ActiveCfg = Release|Any CPU
		{408520DE-0BE4-4F19-9ACC-D0C61F29CC33}.Release|x64.Build.0 = Release|Any CPU
		{408520DE-0BE4-4F19-9ACC-D0C61F29CC33}.Release|x86.ActiveCfg = Release|Any CPU
		{408520DE-0BE4-4F19-9ACC-D0C61F29CC33}.Release|x86.Build.0 = Release|Any CPU
		{FC417EBC-EDF6-48AB-9215-5F46038E80AD}.Debug|Any CPU.ActiveCfg = Debug|Any CPU
		{FC417EBC-EDF6-48AB-9215-5F46038E80AD}.Debug|Any CPU.Build.0 = Debug|Any CPU
		{FC417EBC-EDF6-48AB-9215-5F46038E80AD}.Debug|x64.ActiveCfg = Debug|Any CPU
		{FC417EBC-EDF6-48AB-9215-5F46038E80AD}.Debug|x64.Build.0 = Debug|Any CPU
		{FC417EBC-EDF6-48AB-9215-5F46038E80AD}.Debug|x86.ActiveCfg = Debug|Any CPU
		{FC417EBC-EDF6-48AB-9215-5F46038E80AD}.Debug|x86.Build.0 = Debug|Any CPU
		{FC417EBC-EDF6-48AB-9215-5F46038E80AD}.Release|Any CPU.ActiveCfg = Release|Any CPU
		{FC417EBC-EDF6-48AB-9215-5F46038E80AD}.Release|Any CPU.Build.0 = Release|Any CPU
		{FC417EBC-EDF6-48AB-9215-5F46038E80AD}.Release|x64.ActiveCfg = Release|Any CPU
		{FC417EBC-EDF6-48AB-9215-5F46038E80AD}.Release|x64.Build.0 = Release|Any CPU
		{FC417EBC-EDF6-48AB-9215-5F46038E80AD}.Release|x86.ActiveCfg = Release|Any CPU
		{FC417EBC-EDF6-48AB-9215-5F46038E80AD}.Release|x86.Build.0 = Release|Any CPU
		{FE107365-32C1-45FE-9B78-7E68FF1D9DC9}.Debug|Any CPU.ActiveCfg = Debug|Any CPU
		{FE107365-32C1-45FE-9B78-7E68FF1D9DC9}.Debug|Any CPU.Build.0 = Debug|Any CPU
		{FE107365-32C1-45FE-9B78-7E68FF1D9DC9}.Debug|x64.ActiveCfg = Debug|Any CPU
		{FE107365-32C1-45FE-9B78-7E68FF1D9DC9}.Debug|x64.Build.0 = Debug|Any CPU
		{FE107365-32C1-45FE-9B78-7E68FF1D9DC9}.Debug|x86.ActiveCfg = Debug|Any CPU
		{FE107365-32C1-45FE-9B78-7E68FF1D9DC9}.Debug|x86.Build.0 = Debug|Any CPU
		{FE107365-32C1-45FE-9B78-7E68FF1D9DC9}.Release|Any CPU.ActiveCfg = Release|Any CPU
		{FE107365-32C1-45FE-9B78-7E68FF1D9DC9}.Release|Any CPU.Build.0 = Release|Any CPU
		{FE107365-32C1-45FE-9B78-7E68FF1D9DC9}.Release|x64.ActiveCfg = Release|Any CPU
		{FE107365-32C1-45FE-9B78-7E68FF1D9DC9}.Release|x64.Build.0 = Release|Any CPU
		{FE107365-32C1-45FE-9B78-7E68FF1D9DC9}.Release|x86.ActiveCfg = Release|Any CPU
		{FE107365-32C1-45FE-9B78-7E68FF1D9DC9}.Release|x86.Build.0 = Release|Any CPU
		{10A1D9E4-6A80-4356-8E94-81350A08DBD0}.Debug|Any CPU.ActiveCfg = Debug|Any CPU
		{10A1D9E4-6A80-4356-8E94-81350A08DBD0}.Debug|Any CPU.Build.0 = Debug|Any CPU
		{10A1D9E4-6A80-4356-8E94-81350A08DBD0}.Debug|x64.ActiveCfg = Debug|Any CPU
		{10A1D9E4-6A80-4356-8E94-81350A08DBD0}.Debug|x64.Build.0 = Debug|Any CPU
		{10A1D9E4-6A80-4356-8E94-81350A08DBD0}.Debug|x86.ActiveCfg = Debug|Any CPU
		{10A1D9E4-6A80-4356-8E94-81350A08DBD0}.Debug|x86.Build.0 = Debug|Any CPU
		{10A1D9E4-6A80-4356-8E94-81350A08DBD0}.Release|Any CPU.ActiveCfg = Release|Any CPU
		{10A1D9E4-6A80-4356-8E94-81350A08DBD0}.Release|Any CPU.Build.0 = Release|Any CPU
		{10A1D9E4-6A80-4356-8E94-81350A08DBD0}.Release|x64.ActiveCfg = Release|Any CPU
		{10A1D9E4-6A80-4356-8E94-81350A08DBD0}.Release|x64.Build.0 = Release|Any CPU
		{10A1D9E4-6A80-4356-8E94-81350A08DBD0}.Release|x86.ActiveCfg = Release|Any CPU
		{10A1D9E4-6A80-4356-8E94-81350A08DBD0}.Release|x86.Build.0 = Release|Any CPU
		{D81821A4-071B-45F5-ADB5-B2E028CF7321}.Debug|Any CPU.ActiveCfg = Debug|Any CPU
		{D81821A4-071B-45F5-ADB5-B2E028CF7321}.Debug|Any CPU.Build.0 = Debug|Any CPU
		{D81821A4-071B-45F5-ADB5-B2E028CF7321}.Debug|x64.ActiveCfg = Debug|Any CPU
		{D81821A4-071B-45F5-ADB5-B2E028CF7321}.Debug|x64.Build.0 = Debug|Any CPU
		{D81821A4-071B-45F5-ADB5-B2E028CF7321}.Debug|x86.ActiveCfg = Debug|Any CPU
		{D81821A4-071B-45F5-ADB5-B2E028CF7321}.Debug|x86.Build.0 = Debug|Any CPU
		{D81821A4-071B-45F5-ADB5-B2E028CF7321}.Release|Any CPU.ActiveCfg = Release|Any CPU
		{D81821A4-071B-45F5-ADB5-B2E028CF7321}.Release|Any CPU.Build.0 = Release|Any CPU
		{D81821A4-071B-45F5-ADB5-B2E028CF7321}.Release|x64.ActiveCfg = Release|Any CPU
		{D81821A4-071B-45F5-ADB5-B2E028CF7321}.Release|x64.Build.0 = Release|Any CPU
		{D81821A4-071B-45F5-ADB5-B2E028CF7321}.Release|x86.ActiveCfg = Release|Any CPU
		{D81821A4-071B-45F5-ADB5-B2E028CF7321}.Release|x86.Build.0 = Release|Any CPU
		{AED1EF71-C46A-4503-B37C-AD86167C4D25}.Debug|Any CPU.ActiveCfg = Debug|Any CPU
		{AED1EF71-C46A-4503-B37C-AD86167C4D25}.Debug|Any CPU.Build.0 = Debug|Any CPU
		{AED1EF71-C46A-4503-B37C-AD86167C4D25}.Debug|x64.ActiveCfg = Debug|Any CPU
		{AED1EF71-C46A-4503-B37C-AD86167C4D25}.Debug|x64.Build.0 = Debug|Any CPU
		{AED1EF71-C46A-4503-B37C-AD86167C4D25}.Debug|x86.ActiveCfg = Debug|Any CPU
		{AED1EF71-C46A-4503-B37C-AD86167C4D25}.Debug|x86.Build.0 = Debug|Any CPU
		{AED1EF71-C46A-4503-B37C-AD86167C4D25}.Release|Any CPU.ActiveCfg = Release|Any CPU
		{AED1EF71-C46A-4503-B37C-AD86167C4D25}.Release|Any CPU.Build.0 = Release|Any CPU
		{AED1EF71-C46A-4503-B37C-AD86167C4D25}.Release|x64.ActiveCfg = Release|Any CPU
		{AED1EF71-C46A-4503-B37C-AD86167C4D25}.Release|x64.Build.0 = Release|Any CPU
		{AED1EF71-C46A-4503-B37C-AD86167C4D25}.Release|x86.ActiveCfg = Release|Any CPU
		{AED1EF71-C46A-4503-B37C-AD86167C4D25}.Release|x86.Build.0 = Release|Any CPU
		{50B3FEB2-35F9-42AF-B87C-379F27B69F12}.Debug|Any CPU.ActiveCfg = Debug|Any CPU
		{50B3FEB2-35F9-42AF-B87C-379F27B69F12}.Debug|Any CPU.Build.0 = Debug|Any CPU
		{50B3FEB2-35F9-42AF-B87C-379F27B69F12}.Debug|x64.ActiveCfg = Debug|Any CPU
		{50B3FEB2-35F9-42AF-B87C-379F27B69F12}.Debug|x64.Build.0 = Debug|Any CPU
		{50B3FEB2-35F9-42AF-B87C-379F27B69F12}.Debug|x86.ActiveCfg = Debug|Any CPU
		{50B3FEB2-35F9-42AF-B87C-379F27B69F12}.Debug|x86.Build.0 = Debug|Any CPU
		{50B3FEB2-35F9-42AF-B87C-379F27B69F12}.Release|Any CPU.ActiveCfg = Release|Any CPU
		{50B3FEB2-35F9-42AF-B87C-379F27B69F12}.Release|Any CPU.Build.0 = Release|Any CPU
		{50B3FEB2-35F9-42AF-B87C-379F27B69F12}.Release|x64.ActiveCfg = Release|Any CPU
		{50B3FEB2-35F9-42AF-B87C-379F27B69F12}.Release|x64.Build.0 = Release|Any CPU
		{50B3FEB2-35F9-42AF-B87C-379F27B69F12}.Release|x86.ActiveCfg = Release|Any CPU
		{50B3FEB2-35F9-42AF-B87C-379F27B69F12}.Release|x86.Build.0 = Release|Any CPU
		{8D423B3F-7C27-4E10-85B0-13A2C633C033}.Debug|Any CPU.ActiveCfg = Debug|Any CPU
		{8D423B3F-7C27-4E10-85B0-13A2C633C033}.Debug|Any CPU.Build.0 = Debug|Any CPU
		{8D423B3F-7C27-4E10-85B0-13A2C633C033}.Debug|x64.ActiveCfg = Debug|Any CPU
		{8D423B3F-7C27-4E10-85B0-13A2C633C033}.Debug|x64.Build.0 = Debug|Any CPU
		{8D423B3F-7C27-4E10-85B0-13A2C633C033}.Debug|x86.ActiveCfg = Debug|Any CPU
		{8D423B3F-7C27-4E10-85B0-13A2C633C033}.Debug|x86.Build.0 = Debug|Any CPU
		{8D423B3F-7C27-4E10-85B0-13A2C633C033}.Release|Any CPU.ActiveCfg = Release|Any CPU
		{8D423B3F-7C27-4E10-85B0-13A2C633C033}.Release|Any CPU.Build.0 = Release|Any CPU
		{8D423B3F-7C27-4E10-85B0-13A2C633C033}.Release|x64.ActiveCfg = Release|Any CPU
		{8D423B3F-7C27-4E10-85B0-13A2C633C033}.Release|x64.Build.0 = Release|Any CPU
		{8D423B3F-7C27-4E10-85B0-13A2C633C033}.Release|x86.ActiveCfg = Release|Any CPU
		{8D423B3F-7C27-4E10-85B0-13A2C633C033}.Release|x86.Build.0 = Release|Any CPU
		{A7AEBD34-A4E6-42F9-B8F3-898B00B2203A}.Debug|Any CPU.ActiveCfg = Debug|Any CPU
		{A7AEBD34-A4E6-42F9-B8F3-898B00B2203A}.Debug|Any CPU.Build.0 = Debug|Any CPU
		{A7AEBD34-A4E6-42F9-B8F3-898B00B2203A}.Debug|x64.ActiveCfg = Debug|Any CPU
		{A7AEBD34-A4E6-42F9-B8F3-898B00B2203A}.Debug|x64.Build.0 = Debug|Any CPU
		{A7AEBD34-A4E6-42F9-B8F3-898B00B2203A}.Debug|x86.ActiveCfg = Debug|Any CPU
		{A7AEBD34-A4E6-42F9-B8F3-898B00B2203A}.Debug|x86.Build.0 = Debug|Any CPU
		{A7AEBD34-A4E6-42F9-B8F3-898B00B2203A}.Release|Any CPU.ActiveCfg = Release|Any CPU
		{A7AEBD34-A4E6-42F9-B8F3-898B00B2203A}.Release|Any CPU.Build.0 = Release|Any CPU
		{A7AEBD34-A4E6-42F9-B8F3-898B00B2203A}.Release|x64.ActiveCfg = Release|Any CPU
		{A7AEBD34-A4E6-42F9-B8F3-898B00B2203A}.Release|x64.Build.0 = Release|Any CPU
		{A7AEBD34-A4E6-42F9-B8F3-898B00B2203A}.Release|x86.ActiveCfg = Release|Any CPU
		{A7AEBD34-A4E6-42F9-B8F3-898B00B2203A}.Release|x86.Build.0 = Release|Any CPU
		{F7932F49-95DC-48BA-96AB-C79AA5CD09A1}.Debug|Any CPU.ActiveCfg = Debug|Any CPU
		{F7932F49-95DC-48BA-96AB-C79AA5CD09A1}.Debug|Any CPU.Build.0 = Debug|Any CPU
		{F7932F49-95DC-48BA-96AB-C79AA5CD09A1}.Debug|x64.ActiveCfg = Debug|Any CPU
		{F7932F49-95DC-48BA-96AB-C79AA5CD09A1}.Debug|x64.Build.0 = Debug|Any CPU
		{F7932F49-95DC-48BA-96AB-C79AA5CD09A1}.Debug|x86.ActiveCfg = Debug|Any CPU
		{F7932F49-95DC-48BA-96AB-C79AA5CD09A1}.Debug|x86.Build.0 = Debug|Any CPU
		{F7932F49-95DC-48BA-96AB-C79AA5CD09A1}.Release|Any CPU.ActiveCfg = Release|Any CPU
		{F7932F49-95DC-48BA-96AB-C79AA5CD09A1}.Release|Any CPU.Build.0 = Release|Any CPU
		{F7932F49-95DC-48BA-96AB-C79AA5CD09A1}.Release|x64.ActiveCfg = Release|Any CPU
		{F7932F49-95DC-48BA-96AB-C79AA5CD09A1}.Release|x64.Build.0 = Release|Any CPU
		{F7932F49-95DC-48BA-96AB-C79AA5CD09A1}.Release|x86.ActiveCfg = Release|Any CPU
		{F7932F49-95DC-48BA-96AB-C79AA5CD09A1}.Release|x86.Build.0 = Release|Any CPU
		{D23D8C55-B7B0-4B8D-ADA8-F6B1C17406BE}.Debug|Any CPU.ActiveCfg = Debug|Any CPU
		{D23D8C55-B7B0-4B8D-ADA8-F6B1C17406BE}.Debug|Any CPU.Build.0 = Debug|Any CPU
		{D23D8C55-B7B0-4B8D-ADA8-F6B1C17406BE}.Debug|x64.ActiveCfg = Debug|Any CPU
		{D23D8C55-B7B0-4B8D-ADA8-F6B1C17406BE}.Debug|x64.Build.0 = Debug|Any CPU
		{D23D8C55-B7B0-4B8D-ADA8-F6B1C17406BE}.Debug|x86.ActiveCfg = Debug|Any CPU
		{D23D8C55-B7B0-4B8D-ADA8-F6B1C17406BE}.Debug|x86.Build.0 = Debug|Any CPU
		{D23D8C55-B7B0-4B8D-ADA8-F6B1C17406BE}.Release|Any CPU.ActiveCfg = Release|Any CPU
		{D23D8C55-B7B0-4B8D-ADA8-F6B1C17406BE}.Release|Any CPU.Build.0 = Release|Any CPU
		{D23D8C55-B7B0-4B8D-ADA8-F6B1C17406BE}.Release|x64.ActiveCfg = Release|Any CPU
		{D23D8C55-B7B0-4B8D-ADA8-F6B1C17406BE}.Release|x64.Build.0 = Release|Any CPU
		{D23D8C55-B7B0-4B8D-ADA8-F6B1C17406BE}.Release|x86.ActiveCfg = Release|Any CPU
		{D23D8C55-B7B0-4B8D-ADA8-F6B1C17406BE}.Release|x86.Build.0 = Release|Any CPU
		{0351F760-8CBB-48B8-8CA3-915D7EC367F4}.Debug|Any CPU.ActiveCfg = Debug|Any CPU
		{0351F760-8CBB-48B8-8CA3-915D7EC367F4}.Debug|Any CPU.Build.0 = Debug|Any CPU
		{0351F760-8CBB-48B8-8CA3-915D7EC367F4}.Debug|x64.ActiveCfg = Debug|Any CPU
		{0351F760-8CBB-48B8-8CA3-915D7EC367F4}.Debug|x64.Build.0 = Debug|Any CPU
		{0351F760-8CBB-48B8-8CA3-915D7EC367F4}.Debug|x86.ActiveCfg = Debug|Any CPU
		{0351F760-8CBB-48B8-8CA3-915D7EC367F4}.Debug|x86.Build.0 = Debug|Any CPU
		{0351F760-8CBB-48B8-8CA3-915D7EC367F4}.Release|Any CPU.ActiveCfg = Release|Any CPU
		{0351F760-8CBB-48B8-8CA3-915D7EC367F4}.Release|Any CPU.Build.0 = Release|Any CPU
		{0351F760-8CBB-48B8-8CA3-915D7EC367F4}.Release|x64.ActiveCfg = Release|Any CPU
		{0351F760-8CBB-48B8-8CA3-915D7EC367F4}.Release|x64.Build.0 = Release|Any CPU
		{0351F760-8CBB-48B8-8CA3-915D7EC367F4}.Release|x86.ActiveCfg = Release|Any CPU
		{0351F760-8CBB-48B8-8CA3-915D7EC367F4}.Release|x86.Build.0 = Release|Any CPU
		{E42454F0-2928-4B5E-AAE1-CCA1DB4667B1}.Debug|Any CPU.ActiveCfg = Debug|Any CPU
		{E42454F0-2928-4B5E-AAE1-CCA1DB4667B1}.Debug|Any CPU.Build.0 = Debug|Any CPU
		{E42454F0-2928-4B5E-AAE1-CCA1DB4667B1}.Debug|x64.ActiveCfg = Debug|Any CPU
		{E42454F0-2928-4B5E-AAE1-CCA1DB4667B1}.Debug|x64.Build.0 = Debug|Any CPU
		{E42454F0-2928-4B5E-AAE1-CCA1DB4667B1}.Debug|x86.ActiveCfg = Debug|Any CPU
		{E42454F0-2928-4B5E-AAE1-CCA1DB4667B1}.Debug|x86.Build.0 = Debug|Any CPU
		{E42454F0-2928-4B5E-AAE1-CCA1DB4667B1}.Release|Any CPU.ActiveCfg = Release|Any CPU
		{E42454F0-2928-4B5E-AAE1-CCA1DB4667B1}.Release|Any CPU.Build.0 = Release|Any CPU
		{E42454F0-2928-4B5E-AAE1-CCA1DB4667B1}.Release|x64.ActiveCfg = Release|Any CPU
		{E42454F0-2928-4B5E-AAE1-CCA1DB4667B1}.Release|x64.Build.0 = Release|Any CPU
		{E42454F0-2928-4B5E-AAE1-CCA1DB4667B1}.Release|x86.ActiveCfg = Release|Any CPU
		{E42454F0-2928-4B5E-AAE1-CCA1DB4667B1}.Release|x86.Build.0 = Release|Any CPU
		{A81B8CA9-587C-4F57-B5F5-4A33BCAB0451}.Debug|Any CPU.ActiveCfg = Debug|Any CPU
		{A81B8CA9-587C-4F57-B5F5-4A33BCAB0451}.Debug|Any CPU.Build.0 = Debug|Any CPU
		{A81B8CA9-587C-4F57-B5F5-4A33BCAB0451}.Debug|x64.ActiveCfg = Debug|Any CPU
		{A81B8CA9-587C-4F57-B5F5-4A33BCAB0451}.Debug|x64.Build.0 = Debug|Any CPU
		{A81B8CA9-587C-4F57-B5F5-4A33BCAB0451}.Debug|x86.ActiveCfg = Debug|Any CPU
		{A81B8CA9-587C-4F57-B5F5-4A33BCAB0451}.Debug|x86.Build.0 = Debug|Any CPU
		{A81B8CA9-587C-4F57-B5F5-4A33BCAB0451}.Release|Any CPU.ActiveCfg = Release|Any CPU
		{A81B8CA9-587C-4F57-B5F5-4A33BCAB0451}.Release|Any CPU.Build.0 = Release|Any CPU
		{A81B8CA9-587C-4F57-B5F5-4A33BCAB0451}.Release|x64.ActiveCfg = Release|Any CPU
		{A81B8CA9-587C-4F57-B5F5-4A33BCAB0451}.Release|x64.Build.0 = Release|Any CPU
		{A81B8CA9-587C-4F57-B5F5-4A33BCAB0451}.Release|x86.ActiveCfg = Release|Any CPU
		{A81B8CA9-587C-4F57-B5F5-4A33BCAB0451}.Release|x86.Build.0 = Release|Any CPU
		{A9E0DCD2-7C31-4618-BE84-0295FB7965B1}.Debug|Any CPU.ActiveCfg = Debug|Any CPU
		{A9E0DCD2-7C31-4618-BE84-0295FB7965B1}.Debug|Any CPU.Build.0 = Debug|Any CPU
		{A9E0DCD2-7C31-4618-BE84-0295FB7965B1}.Debug|x64.ActiveCfg = Debug|Any CPU
		{A9E0DCD2-7C31-4618-BE84-0295FB7965B1}.Debug|x64.Build.0 = Debug|Any CPU
		{A9E0DCD2-7C31-4618-BE84-0295FB7965B1}.Debug|x86.ActiveCfg = Debug|Any CPU
		{A9E0DCD2-7C31-4618-BE84-0295FB7965B1}.Debug|x86.Build.0 = Debug|Any CPU
		{A9E0DCD2-7C31-4618-BE84-0295FB7965B1}.Release|Any CPU.ActiveCfg = Release|Any CPU
		{A9E0DCD2-7C31-4618-BE84-0295FB7965B1}.Release|Any CPU.Build.0 = Release|Any CPU
		{A9E0DCD2-7C31-4618-BE84-0295FB7965B1}.Release|x64.ActiveCfg = Release|Any CPU
		{A9E0DCD2-7C31-4618-BE84-0295FB7965B1}.Release|x64.Build.0 = Release|Any CPU
		{A9E0DCD2-7C31-4618-BE84-0295FB7965B1}.Release|x86.ActiveCfg = Release|Any CPU
		{A9E0DCD2-7C31-4618-BE84-0295FB7965B1}.Release|x86.Build.0 = Release|Any CPU
		{478ED47F-BADA-4896-9A1B-D3A7C93C40FE}.Debug|Any CPU.ActiveCfg = Debug|Any CPU
		{478ED47F-BADA-4896-9A1B-D3A7C93C40FE}.Debug|Any CPU.Build.0 = Debug|Any CPU
		{478ED47F-BADA-4896-9A1B-D3A7C93C40FE}.Debug|x64.ActiveCfg = Debug|Any CPU
		{478ED47F-BADA-4896-9A1B-D3A7C93C40FE}.Debug|x64.Build.0 = Debug|Any CPU
		{478ED47F-BADA-4896-9A1B-D3A7C93C40FE}.Debug|x86.ActiveCfg = Debug|Any CPU
		{478ED47F-BADA-4896-9A1B-D3A7C93C40FE}.Debug|x86.Build.0 = Debug|Any CPU
		{478ED47F-BADA-4896-9A1B-D3A7C93C40FE}.Release|Any CPU.ActiveCfg = Release|Any CPU
		{478ED47F-BADA-4896-9A1B-D3A7C93C40FE}.Release|Any CPU.Build.0 = Release|Any CPU
		{478ED47F-BADA-4896-9A1B-D3A7C93C40FE}.Release|x64.ActiveCfg = Release|Any CPU
		{478ED47F-BADA-4896-9A1B-D3A7C93C40FE}.Release|x64.Build.0 = Release|Any CPU
		{478ED47F-BADA-4896-9A1B-D3A7C93C40FE}.Release|x86.ActiveCfg = Release|Any CPU
		{478ED47F-BADA-4896-9A1B-D3A7C93C40FE}.Release|x86.Build.0 = Release|Any CPU
		{6535D3C7-77A9-4488-89E5-DF618510EB2D}.Debug|Any CPU.ActiveCfg = Debug|Any CPU
		{6535D3C7-77A9-4488-89E5-DF618510EB2D}.Debug|Any CPU.Build.0 = Debug|Any CPU
		{6535D3C7-77A9-4488-89E5-DF618510EB2D}.Debug|x64.ActiveCfg = Debug|Any CPU
		{6535D3C7-77A9-4488-89E5-DF618510EB2D}.Debug|x64.Build.0 = Debug|Any CPU
		{6535D3C7-77A9-4488-89E5-DF618510EB2D}.Debug|x86.ActiveCfg = Debug|Any CPU
		{6535D3C7-77A9-4488-89E5-DF618510EB2D}.Debug|x86.Build.0 = Debug|Any CPU
		{6535D3C7-77A9-4488-89E5-DF618510EB2D}.Release|Any CPU.ActiveCfg = Release|Any CPU
		{6535D3C7-77A9-4488-89E5-DF618510EB2D}.Release|Any CPU.Build.0 = Release|Any CPU
		{6535D3C7-77A9-4488-89E5-DF618510EB2D}.Release|x64.ActiveCfg = Release|Any CPU
		{6535D3C7-77A9-4488-89E5-DF618510EB2D}.Release|x64.Build.0 = Release|Any CPU
		{6535D3C7-77A9-4488-89E5-DF618510EB2D}.Release|x86.ActiveCfg = Release|Any CPU
		{6535D3C7-77A9-4488-89E5-DF618510EB2D}.Release|x86.Build.0 = Release|Any CPU
		{F0E19DB3-2E2F-40BB-A478-E29B36E6DF2D}.Debug|Any CPU.ActiveCfg = Debug|Any CPU
		{F0E19DB3-2E2F-40BB-A478-E29B36E6DF2D}.Debug|Any CPU.Build.0 = Debug|Any CPU
		{F0E19DB3-2E2F-40BB-A478-E29B36E6DF2D}.Debug|x64.ActiveCfg = Debug|Any CPU
		{F0E19DB3-2E2F-40BB-A478-E29B36E6DF2D}.Debug|x64.Build.0 = Debug|Any CPU
		{F0E19DB3-2E2F-40BB-A478-E29B36E6DF2D}.Debug|x86.ActiveCfg = Debug|Any CPU
		{F0E19DB3-2E2F-40BB-A478-E29B36E6DF2D}.Debug|x86.Build.0 = Debug|Any CPU
		{F0E19DB3-2E2F-40BB-A478-E29B36E6DF2D}.Release|Any CPU.ActiveCfg = Release|Any CPU
		{F0E19DB3-2E2F-40BB-A478-E29B36E6DF2D}.Release|Any CPU.Build.0 = Release|Any CPU
		{F0E19DB3-2E2F-40BB-A478-E29B36E6DF2D}.Release|x64.ActiveCfg = Release|Any CPU
		{F0E19DB3-2E2F-40BB-A478-E29B36E6DF2D}.Release|x64.Build.0 = Release|Any CPU
		{F0E19DB3-2E2F-40BB-A478-E29B36E6DF2D}.Release|x86.ActiveCfg = Release|Any CPU
		{F0E19DB3-2E2F-40BB-A478-E29B36E6DF2D}.Release|x86.Build.0 = Release|Any CPU
		{F50DD247-37A3-432E-9F20-7B9AC109F97A}.Debug|Any CPU.ActiveCfg = Debug|Any CPU
		{F50DD247-37A3-432E-9F20-7B9AC109F97A}.Debug|Any CPU.Build.0 = Debug|Any CPU
		{F50DD247-37A3-432E-9F20-7B9AC109F97A}.Debug|x64.ActiveCfg = Debug|Any CPU
		{F50DD247-37A3-432E-9F20-7B9AC109F97A}.Debug|x64.Build.0 = Debug|Any CPU
		{F50DD247-37A3-432E-9F20-7B9AC109F97A}.Debug|x86.ActiveCfg = Debug|Any CPU
		{F50DD247-37A3-432E-9F20-7B9AC109F97A}.Debug|x86.Build.0 = Debug|Any CPU
		{F50DD247-37A3-432E-9F20-7B9AC109F97A}.Release|Any CPU.ActiveCfg = Release|Any CPU
		{F50DD247-37A3-432E-9F20-7B9AC109F97A}.Release|Any CPU.Build.0 = Release|Any CPU
		{F50DD247-37A3-432E-9F20-7B9AC109F97A}.Release|x64.ActiveCfg = Release|Any CPU
		{F50DD247-37A3-432E-9F20-7B9AC109F97A}.Release|x64.Build.0 = Release|Any CPU
		{F50DD247-37A3-432E-9F20-7B9AC109F97A}.Release|x86.ActiveCfg = Release|Any CPU
		{F50DD247-37A3-432E-9F20-7B9AC109F97A}.Release|x86.Build.0 = Release|Any CPU
		{DD23E94B-7188-4CBB-AFCF-88988A1CCF87}.Debug|Any CPU.ActiveCfg = Debug|Any CPU
		{DD23E94B-7188-4CBB-AFCF-88988A1CCF87}.Debug|Any CPU.Build.0 = Debug|Any CPU
		{DD23E94B-7188-4CBB-AFCF-88988A1CCF87}.Debug|x64.ActiveCfg = Debug|Any CPU
		{DD23E94B-7188-4CBB-AFCF-88988A1CCF87}.Debug|x64.Build.0 = Debug|Any CPU
		{DD23E94B-7188-4CBB-AFCF-88988A1CCF87}.Debug|x86.ActiveCfg = Debug|Any CPU
		{DD23E94B-7188-4CBB-AFCF-88988A1CCF87}.Debug|x86.Build.0 = Debug|Any CPU
		{DD23E94B-7188-4CBB-AFCF-88988A1CCF87}.Release|Any CPU.ActiveCfg = Release|Any CPU
		{DD23E94B-7188-4CBB-AFCF-88988A1CCF87}.Release|Any CPU.Build.0 = Release|Any CPU
		{DD23E94B-7188-4CBB-AFCF-88988A1CCF87}.Release|x64.ActiveCfg = Release|Any CPU
		{DD23E94B-7188-4CBB-AFCF-88988A1CCF87}.Release|x64.Build.0 = Release|Any CPU
		{DD23E94B-7188-4CBB-AFCF-88988A1CCF87}.Release|x86.ActiveCfg = Release|Any CPU
		{DD23E94B-7188-4CBB-AFCF-88988A1CCF87}.Release|x86.Build.0 = Release|Any CPU
		{780F9781-E6F4-43EC-9605-C1D8314E9F40}.Debug|Any CPU.ActiveCfg = Debug|Any CPU
		{780F9781-E6F4-43EC-9605-C1D8314E9F40}.Debug|Any CPU.Build.0 = Debug|Any CPU
		{780F9781-E6F4-43EC-9605-C1D8314E9F40}.Debug|x64.ActiveCfg = Debug|Any CPU
		{780F9781-E6F4-43EC-9605-C1D8314E9F40}.Debug|x64.Build.0 = Debug|Any CPU
		{780F9781-E6F4-43EC-9605-C1D8314E9F40}.Debug|x86.ActiveCfg = Debug|Any CPU
		{780F9781-E6F4-43EC-9605-C1D8314E9F40}.Debug|x86.Build.0 = Debug|Any CPU
		{780F9781-E6F4-43EC-9605-C1D8314E9F40}.Release|Any CPU.ActiveCfg = Release|Any CPU
		{780F9781-E6F4-43EC-9605-C1D8314E9F40}.Release|Any CPU.Build.0 = Release|Any CPU
		{780F9781-E6F4-43EC-9605-C1D8314E9F40}.Release|x64.ActiveCfg = Release|Any CPU
		{780F9781-E6F4-43EC-9605-C1D8314E9F40}.Release|x64.Build.0 = Release|Any CPU
		{780F9781-E6F4-43EC-9605-C1D8314E9F40}.Release|x86.ActiveCfg = Release|Any CPU
		{780F9781-E6F4-43EC-9605-C1D8314E9F40}.Release|x86.Build.0 = Release|Any CPU
		{F21F11FD-2ABB-46A8-82FA-FB9C122A0561}.Debug|Any CPU.ActiveCfg = Debug|Any CPU
		{F21F11FD-2ABB-46A8-82FA-FB9C122A0561}.Debug|Any CPU.Build.0 = Debug|Any CPU
		{F21F11FD-2ABB-46A8-82FA-FB9C122A0561}.Debug|x64.ActiveCfg = Debug|Any CPU
		{F21F11FD-2ABB-46A8-82FA-FB9C122A0561}.Debug|x64.Build.0 = Debug|Any CPU
		{F21F11FD-2ABB-46A8-82FA-FB9C122A0561}.Debug|x86.ActiveCfg = Debug|Any CPU
		{F21F11FD-2ABB-46A8-82FA-FB9C122A0561}.Debug|x86.Build.0 = Debug|Any CPU
		{F21F11FD-2ABB-46A8-82FA-FB9C122A0561}.Release|Any CPU.ActiveCfg = Release|Any CPU
		{F21F11FD-2ABB-46A8-82FA-FB9C122A0561}.Release|Any CPU.Build.0 = Release|Any CPU
		{F21F11FD-2ABB-46A8-82FA-FB9C122A0561}.Release|x64.ActiveCfg = Release|Any CPU
		{F21F11FD-2ABB-46A8-82FA-FB9C122A0561}.Release|x64.Build.0 = Release|Any CPU
		{F21F11FD-2ABB-46A8-82FA-FB9C122A0561}.Release|x86.ActiveCfg = Release|Any CPU
		{F21F11FD-2ABB-46A8-82FA-FB9C122A0561}.Release|x86.Build.0 = Release|Any CPU
		{A3C8E1F2-5D7B-4E9A-B3F1-8C2D6A4E9B5F}.Debug|Any CPU.ActiveCfg = Debug|Any CPU
		{A3C8E1F2-5D7B-4E9A-B3F1-8C2D6A4E9B5F}.Debug|Any CPU.Build.0 = Debug|Any CPU
		{A3C8E1F2-5D7B-4E9A-B3F1-8C2D6A4E9B5F}.Debug|x64.ActiveCfg = Debug|Any CPU
		{A3C8E1F2-5D7B-4E9A-B3F1-8C2D6A4E9B5F}.Debug|x64.Build.0 = Debug|Any CPU
		{A3C8E1F2-5D7B-4E9A-B3F1-8C2D6A4E9B5F}.Debug|x86.ActiveCfg = Debug|Any CPU
		{A3C8E1F2-5D7B-4E9A-B3F1-8C2D6A4E9B5F}.Debug|x86.Build.0 = Debug|Any CPU
		{A3C8E1F2-5D7B-4E9A-B3F1-8C2D6A4E9B5F}.Release|Any CPU.ActiveCfg = Release|Any CPU
		{A3C8E1F2-5D7B-4E9A-B3F1-8C2D6A4E9B5F}.Release|Any CPU.Build.0 = Release|Any CPU
		{A3C8E1F2-5D7B-4E9A-B3F1-8C2D6A4E9B5F}.Release|x64.ActiveCfg = Release|Any CPU
		{A3C8E1F2-5D7B-4E9A-B3F1-8C2D6A4E9B5F}.Release|x64.Build.0 = Release|Any CPU
		{A3C8E1F2-5D7B-4E9A-B3F1-8C2D6A4E9B5F}.Release|x86.ActiveCfg = Release|Any CPU
		{A3C8E1F2-5D7B-4E9A-B3F1-8C2D6A4E9B5F}.Release|x86.Build.0 = Release|Any CPU
		{AAD93A21-CE18-4688-A75D-64630ADFC11B}.Debug|Any CPU.ActiveCfg = Debug|Any CPU
		{AAD93A21-CE18-4688-A75D-64630ADFC11B}.Debug|Any CPU.Build.0 = Debug|Any CPU
		{AAD93A21-CE18-4688-A75D-64630ADFC11B}.Debug|x64.ActiveCfg = Debug|Any CPU
		{AAD93A21-CE18-4688-A75D-64630ADFC11B}.Debug|x64.Build.0 = Debug|Any CPU
		{AAD93A21-CE18-4688-A75D-64630ADFC11B}.Debug|x86.ActiveCfg = Debug|Any CPU
		{AAD93A21-CE18-4688-A75D-64630ADFC11B}.Debug|x86.Build.0 = Debug|Any CPU
		{AAD93A21-CE18-4688-A75D-64630ADFC11B}.Release|Any CPU.ActiveCfg = Release|Any CPU
		{AAD93A21-CE18-4688-A75D-64630ADFC11B}.Release|Any CPU.Build.0 = Release|Any CPU
		{AAD93A21-CE18-4688-A75D-64630ADFC11B}.Release|x64.ActiveCfg = Release|Any CPU
		{AAD93A21-CE18-4688-A75D-64630ADFC11B}.Release|x64.Build.0 = Release|Any CPU
		{AAD93A21-CE18-4688-A75D-64630ADFC11B}.Release|x86.ActiveCfg = Release|Any CPU
		{AAD93A21-CE18-4688-A75D-64630ADFC11B}.Release|x86.Build.0 = Release|Any CPU
		{29686D25-D35E-4363-9717-1948FEC79352}.Debug|Any CPU.ActiveCfg = Debug|Any CPU
		{29686D25-D35E-4363-9717-1948FEC79352}.Debug|Any CPU.Build.0 = Debug|Any CPU
		{29686D25-D35E-4363-9717-1948FEC79352}.Debug|x64.ActiveCfg = Debug|Any CPU
		{29686D25-D35E-4363-9717-1948FEC79352}.Debug|x64.Build.0 = Debug|Any CPU
		{29686D25-D35E-4363-9717-1948FEC79352}.Debug|x86.ActiveCfg = Debug|Any CPU
		{29686D25-D35E-4363-9717-1948FEC79352}.Debug|x86.Build.0 = Debug|Any CPU
		{29686D25-D35E-4363-9717-1948FEC79352}.Release|Any CPU.ActiveCfg = Release|Any CPU
		{29686D25-D35E-4363-9717-1948FEC79352}.Release|Any CPU.Build.0 = Release|Any CPU
		{29686D25-D35E-4363-9717-1948FEC79352}.Release|x64.ActiveCfg = Release|Any CPU
		{29686D25-D35E-4363-9717-1948FEC79352}.Release|x64.Build.0 = Release|Any CPU
		{29686D25-D35E-4363-9717-1948FEC79352}.Release|x86.ActiveCfg = Release|Any CPU
		{29686D25-D35E-4363-9717-1948FEC79352}.Release|x86.Build.0 = Release|Any CPU
		{42922E81-E30E-4781-B250-9F6E55A4ECD5}.Debug|Any CPU.ActiveCfg = Debug|Any CPU
		{42922E81-E30E-4781-B250-9F6E55A4ECD5}.Debug|Any CPU.Build.0 = Debug|Any CPU
		{42922E81-E30E-4781-B250-9F6E55A4ECD5}.Debug|x64.ActiveCfg = Debug|Any CPU
		{42922E81-E30E-4781-B250-9F6E55A4ECD5}.Debug|x64.Build.0 = Debug|Any CPU
		{42922E81-E30E-4781-B250-9F6E55A4ECD5}.Debug|x86.ActiveCfg = Debug|Any CPU
		{42922E81-E30E-4781-B250-9F6E55A4ECD5}.Debug|x86.Build.0 = Debug|Any CPU
		{42922E81-E30E-4781-B250-9F6E55A4ECD5}.Release|Any CPU.ActiveCfg = Release|Any CPU
		{42922E81-E30E-4781-B250-9F6E55A4ECD5}.Release|Any CPU.Build.0 = Release|Any CPU
		{42922E81-E30E-4781-B250-9F6E55A4ECD5}.Release|x64.ActiveCfg = Release|Any CPU
		{42922E81-E30E-4781-B250-9F6E55A4ECD5}.Release|x64.Build.0 = Release|Any CPU
		{42922E81-E30E-4781-B250-9F6E55A4ECD5}.Release|x86.ActiveCfg = Release|Any CPU
		{42922E81-E30E-4781-B250-9F6E55A4ECD5}.Release|x86.Build.0 = Release|Any CPU
		{A089B345-A562-4FE5-959C-CDE096E4B170}.Debug|Any CPU.ActiveCfg = Debug|Any CPU
		{A089B345-A562-4FE5-959C-CDE096E4B170}.Debug|Any CPU.Build.0 = Debug|Any CPU
		{A089B345-A562-4FE5-959C-CDE096E4B170}.Debug|x64.ActiveCfg = Debug|Any CPU
		{A089B345-A562-4FE5-959C-CDE096E4B170}.Debug|x64.Build.0 = Debug|Any CPU
		{A089B345-A562-4FE5-959C-CDE096E4B170}.Debug|x86.ActiveCfg = Debug|Any CPU
		{A089B345-A562-4FE5-959C-CDE096E4B170}.Debug|x86.Build.0 = Debug|Any CPU
		{A089B345-A562-4FE5-959C-CDE096E4B170}.Release|Any CPU.ActiveCfg = Release|Any CPU
		{A089B345-A562-4FE5-959C-CDE096E4B170}.Release|Any CPU.Build.0 = Release|Any CPU
		{A089B345-A562-4FE5-959C-CDE096E4B170}.Release|x64.ActiveCfg = Release|Any CPU
		{A089B345-A562-4FE5-959C-CDE096E4B170}.Release|x64.Build.0 = Release|Any CPU
		{A089B345-A562-4FE5-959C-CDE096E4B170}.Release|x86.ActiveCfg = Release|Any CPU
		{A089B345-A562-4FE5-959C-CDE096E4B170}.Release|x86.Build.0 = Release|Any CPU
		{3A5A993F-47AA-42CB-8ADF-1B40272AE5ED}.Debug|Any CPU.ActiveCfg = Debug|Any CPU
		{3A5A993F-47AA-42CB-8ADF-1B40272AE5ED}.Debug|Any CPU.Build.0 = Debug|Any CPU
		{3A5A993F-47AA-42CB-8ADF-1B40272AE5ED}.Debug|x64.ActiveCfg = Debug|Any CPU
		{3A5A993F-47AA-42CB-8ADF-1B40272AE5ED}.Debug|x64.Build.0 = Debug|Any CPU
		{3A5A993F-47AA-42CB-8ADF-1B40272AE5ED}.Debug|x86.ActiveCfg = Debug|Any CPU
		{3A5A993F-47AA-42CB-8ADF-1B40272AE5ED}.Debug|x86.Build.0 = Debug|Any CPU
		{3A5A993F-47AA-42CB-8ADF-1B40272AE5ED}.Release|Any CPU.ActiveCfg = Release|Any CPU
		{3A5A993F-47AA-42CB-8ADF-1B40272AE5ED}.Release|Any CPU.Build.0 = Release|Any CPU
		{3A5A993F-47AA-42CB-8ADF-1B40272AE5ED}.Release|x64.ActiveCfg = Release|Any CPU
		{3A5A993F-47AA-42CB-8ADF-1B40272AE5ED}.Release|x64.Build.0 = Release|Any CPU
		{3A5A993F-47AA-42CB-8ADF-1B40272AE5ED}.Release|x86.ActiveCfg = Release|Any CPU
		{3A5A993F-47AA-42CB-8ADF-1B40272AE5ED}.Release|x86.Build.0 = Release|Any CPU
		{EE156FCC-206A-44E4-9BE8-8BA31F767CF8}.Debug|Any CPU.ActiveCfg = Debug|Any CPU
		{EE156FCC-206A-44E4-9BE8-8BA31F767CF8}.Debug|Any CPU.Build.0 = Debug|Any CPU
		{EE156FCC-206A-44E4-9BE8-8BA31F767CF8}.Debug|x64.ActiveCfg = Debug|Any CPU
		{EE156FCC-206A-44E4-9BE8-8BA31F767CF8}.Debug|x64.Build.0 = Debug|Any CPU
		{EE156FCC-206A-44E4-9BE8-8BA31F767CF8}.Debug|x86.ActiveCfg = Debug|Any CPU
		{EE156FCC-206A-44E4-9BE8-8BA31F767CF8}.Debug|x86.Build.0 = Debug|Any CPU
		{EE156FCC-206A-44E4-9BE8-8BA31F767CF8}.Release|Any CPU.ActiveCfg = Release|Any CPU
		{EE156FCC-206A-44E4-9BE8-8BA31F767CF8}.Release|Any CPU.Build.0 = Release|Any CPU
		{EE156FCC-206A-44E4-9BE8-8BA31F767CF8}.Release|x64.ActiveCfg = Release|Any CPU
		{EE156FCC-206A-44E4-9BE8-8BA31F767CF8}.Release|x64.Build.0 = Release|Any CPU
		{EE156FCC-206A-44E4-9BE8-8BA31F767CF8}.Release|x86.ActiveCfg = Release|Any CPU
		{EE156FCC-206A-44E4-9BE8-8BA31F767CF8}.Release|x86.Build.0 = Release|Any CPU
		{EADE0D31-73FB-4FE9-B4A4-F2ACCFF4411B}.Debug|Any CPU.ActiveCfg = Debug|Any CPU
		{EADE0D31-73FB-4FE9-B4A4-F2ACCFF4411B}.Debug|Any CPU.Build.0 = Debug|Any CPU
		{EADE0D31-73FB-4FE9-B4A4-F2ACCFF4411B}.Debug|x64.ActiveCfg = Debug|Any CPU
		{EADE0D31-73FB-4FE9-B4A4-F2ACCFF4411B}.Debug|x64.Build.0 = Debug|Any CPU
		{EADE0D31-73FB-4FE9-B4A4-F2ACCFF4411B}.Debug|x86.ActiveCfg = Debug|Any CPU
		{EADE0D31-73FB-4FE9-B4A4-F2ACCFF4411B}.Debug|x86.Build.0 = Debug|Any CPU
		{EADE0D31-73FB-4FE9-B4A4-F2ACCFF4411B}.Release|Any CPU.ActiveCfg = Release|Any CPU
		{EADE0D31-73FB-4FE9-B4A4-F2ACCFF4411B}.Release|Any CPU.Build.0 = Release|Any CPU
		{EADE0D31-73FB-4FE9-B4A4-F2ACCFF4411B}.Release|x64.ActiveCfg = Release|Any CPU
		{EADE0D31-73FB-4FE9-B4A4-F2ACCFF4411B}.Release|x64.Build.0 = Release|Any CPU
		{EADE0D31-73FB-4FE9-B4A4-F2ACCFF4411B}.Release|x86.ActiveCfg = Release|Any CPU
		{EADE0D31-73FB-4FE9-B4A4-F2ACCFF4411B}.Release|x86.Build.0 = Release|Any CPU
		{2C6ACB83-C569-46F6-8D1A-0112834F7BBA}.Debug|Any CPU.ActiveCfg = Debug|Any CPU
		{2C6ACB83-C569-46F6-8D1A-0112834F7BBA}.Debug|Any CPU.Build.0 = Debug|Any CPU
		{2C6ACB83-C569-46F6-8D1A-0112834F7BBA}.Debug|x64.ActiveCfg = Debug|Any CPU
		{2C6ACB83-C569-46F6-8D1A-0112834F7BBA}.Debug|x64.Build.0 = Debug|Any CPU
		{2C6ACB83-C569-46F6-8D1A-0112834F7BBA}.Debug|x86.ActiveCfg = Debug|Any CPU
		{2C6ACB83-C569-46F6-8D1A-0112834F7BBA}.Debug|x86.Build.0 = Debug|Any CPU
		{2C6ACB83-C569-46F6-8D1A-0112834F7BBA}.Release|Any CPU.ActiveCfg = Release|Any CPU
		{2C6ACB83-C569-46F6-8D1A-0112834F7BBA}.Release|Any CPU.Build.0 = Release|Any CPU
		{2C6ACB83-C569-46F6-8D1A-0112834F7BBA}.Release|x64.ActiveCfg = Release|Any CPU
		{2C6ACB83-C569-46F6-8D1A-0112834F7BBA}.Release|x64.Build.0 = Release|Any CPU
		{2C6ACB83-C569-46F6-8D1A-0112834F7BBA}.Release|x86.ActiveCfg = Release|Any CPU
		{2C6ACB83-C569-46F6-8D1A-0112834F7BBA}.Release|x86.Build.0 = Release|Any CPU
	EndGlobalSection
	GlobalSection(SolutionProperties) = preSolution
		HideSolutionNode = FALSE
	EndGlobalSection
EndGlobal
